
Microsoft Visual Studio Solution File, Format Version 12.00
# Visual Studio Version 17
VisualStudioVersion = 17.11.35208.52
MinimumVisualStudioVersion = 10.0.40219.1
Project("{FAE04EC0-301F-11D3-BF4B-00C04F79EFBC}") = "main", "main\main.csproj", "{8C595609-C0B4-4BF0-825F-6987AB9F5357}"
EndProject
Project("{FAE04EC0-301F-11D3-BF4B-00C04F79EFBC}") = "FO.CLS", "..\FO.CLS\FO.CLS\FO.CLS.csproj", "{2D1015A8-0410-4697-AADD-40178513CECF}"
EndProject
Global
	GlobalSection(SolutionConfigurationPlatforms) = preSolution
		Debug|Any CPU = Debug|Any CPU
		Release|Any CPU = Release|Any CPU
	EndGlobalSection
	GlobalSection(ProjectConfigurationPlatforms) = postSolution
		{8C595609-C0B4-4BF0-825F-6987AB9F5357}.Debug|Any CPU.ActiveCfg = Debug|Any CPU
		{8C595609-C0B4-4BF0-825F-6987AB9F5357}.Debug|Any CPU.Build.0 = Debug|Any CPU
		{8C595609-C0B4-4BF0-825F-6987AB9F5357}.Release|Any CPU.ActiveCfg = Release|Any CPU
		{8C595609-C0B4-4BF0-825F-6987AB9F5357}.Release|Any CPU.Build.0 = Release|Any CPU
		{2D1015A8-0410-4697-AADD-40178513CECF}.Debug|Any CPU.ActiveCfg = Debug|Any CPU
		{2D1015A8-0410-4697-AADD-40178513CECF}.Debug|Any CPU.Build.0 = Debug|Any CPU
		{2D1015A8-0410-4697-AADD-40178513CECF}.Release|Any CPU.ActiveCfg = Release|Any CPU
		{2D1015A8-0410-4697-AADD-40178513CECF}.Release|Any CPU.Build.0 = Release|Any CPU
	EndGlobalSection
	GlobalSection(SolutionProperties) = preSolution
		HideSolutionNode = FALSE
	EndGlobalSection
	GlobalSection(ExtensibilityGlobals) = postSolution
		SolutionGuid = {F2B668E3-6966-4A18-92CD-A16BB8DC0064}
	EndGlobalSection
EndGlobal
